
Microsoft Visual Studio Solution File, Format Version 12.00
# Visual Studio Version 17
VisualStudioVersion = 17.0.31903.59
MinimumVisualStudioVersion = 10.0.40219.1
Project("{2150E333-8FDC-42A3-9474-1A3956D46DE8}") = "src", "src", "{02EA681E-C7D8-13C7-8484-4AC65E1B71E8}"
EndProject
Project("{2150E333-8FDC-42A3-9474-1A3956D46DE8}") = "items", "items", "{8EC462FD-D22E-90A8-E5CE-7E832BA40C5D}"
	ProjectSection(SolutionItems) = preProject
		AIprompt.txt = AIprompt.txt
		architecture.txt = architecture.txt
		EfScraffold.txt = EfScraffold.txt
		Hangfire.txt = Hangfire.txt
		Serilog.txt = Serilog.txt
		StepToInitialize.txt = StepToInitialize.txt
	EndProjectSection
EndProject
Project("{2150E333-8FDC-42A3-9474-1A3956D46DE8}") = "tests", "tests", "{D2258699-5C61-4EA6-93D5-2384ADF65982}"
EndProject
Project("{FAE04EC0-301F-11D3-BF4B-00C04F79EFBC}") = "HigzTrade.Infrastructure", "HigzTrade.Infrastructure\HigzTrade.Infrastructure.csproj", "{CD6A2B75-B68A-4995-BD2B-458DAE359E58}"
EndProject
Project("{FAE04EC0-301F-11D3-BF4B-00C04F79EFBC}") = "HigzTrade.UnitTests", "HigzTrade.UnitTests\HigzTrade.UnitTests.csproj", "{7A4E6BBA-A2E9-427D-8D18-813E6BCC585A}"
EndProject
Project("{FAE04EC0-301F-11D3-BF4B-00C04F79EFBC}") = "HigzTrade.IntegrationTests", "HigzTrade.IntegrationTests\HigzTrade.IntegrationTests.csproj", "{6A22C5C6-BC4D-4E45-AC06-977A3EDF8DC7}"
EndProject
Project("{FAE04EC0-301F-11D3-BF4B-00C04F79EFBC}") = "HigzTrade.ApiTests", "HigzTrade.ApiTests\HigzTrade.ApiTests.csproj", "{65C5D14B-58FF-40E5-8983-611CDAB9D91F}"
EndProject
Project("{FAE04EC0-301F-11D3-BF4B-00C04F79EFBC}") = "HigzTrade.TradeApi", "HigzTrade.TradeApi\HigzTrade.TradeApi.csproj", "{E4649623-7B08-49E8-A25E-775443FF3FB9}"
EndProject
Project("{FAE04EC0-301F-11D3-BF4B-00C04F79EFBC}") = "HigzTrade.Domain", "HigzTrade.Domain\HigzTrade.Domain.csproj", "{8B339130-D2F4-4051-91FA-B4C7B7F28808}"
EndProject
Project("{FAE04EC0-301F-11D3-BF4B-00C04F79EFBC}") = "HigzTrade.Application", "HigzTrade.Application\HigzTrade.Application.csproj", "{6906ED50-0B55-4214-A3E1-445F973AD108}"
EndProject
Project("{FAE04EC0-301F-11D3-BF4B-00C04F79EFBC}") = "ArchitectureTests", "ArchitectureTests\ArchitectureTests.csproj", "{EF3E9D24-A255-49FB-A9CE-BB23F54446E6}"
EndProject
Global
	GlobalSection(SolutionConfigurationPlatforms) = preSolution
		Debug|Any CPU = Debug|Any CPU
		Production|Any CPU = Production|Any CPU
		Release|Any CPU = Release|Any CPU
	EndGlobalSection
	GlobalSection(ProjectConfigurationPlatforms) = postSolution
		{CD6A2B75-B68A-4995-BD2B-458DAE359E58}.Debug|Any CPU.ActiveCfg = Debug|Any CPU
		{CD6A2B75-B68A-4995-BD2B-458DAE359E58}.Debug|Any CPU.Build.0 = Debug|Any CPU
		{CD6A2B75-B68A-4995-BD2B-458DAE359E58}.Production|Any CPU.ActiveCfg = Production|Any CPU
		{CD6A2B75-B68A-4995-BD2B-458DAE359E58}.Production|Any CPU.Build.0 = Production|Any CPU
		{CD6A2B75-B68A-4995-BD2B-458DAE359E58}.Release|Any CPU.ActiveCfg = Release|Any CPU
		{CD6A2B75-B68A-4995-BD2B-458DAE359E58}.Release|Any CPU.Build.0 = Release|Any CPU
		{7A4E6BBA-A2E9-427D-8D18-813E6BCC585A}.Debug|Any CPU.ActiveCfg = Debug|Any CPU
		{7A4E6BBA-A2E9-427D-8D18-813E6BCC585A}.Debug|Any CPU.Build.0 = Debug|Any CPU
		{7A4E6BBA-A2E9-427D-8D18-813E6BCC585A}.Production|Any CPU.ActiveCfg = Release|Any CPU
		{7A4E6BBA-A2E9-427D-8D18-813E6BCC585A}.Release|Any CPU.ActiveCfg = Release|Any CPU
		{7A4E6BBA-A2E9-427D-8D18-813E6BCC585A}.Release|Any CPU.Build.0 = Release|Any CPU
		{6A22C5C6-BC4D-4E45-AC06-977A3EDF8DC7}.Debug|Any CPU.ActiveCfg = Debug|Any CPU
		{6A22C5C6-BC4D-4E45-AC06-977A3EDF8DC7}.Debug|Any CPU.Build.0 = Debug|Any CPU
		{6A22C5C6-BC4D-4E45-AC06-977A3EDF8DC7}.Production|Any CPU.ActiveCfg = Release|Any CPU
		{6A22C5C6-BC4D-4E45-AC06-977A3EDF8DC7}.Release|Any CPU.ActiveCfg = Release|Any CPU
		{6A22C5C6-BC4D-4E45-AC06-977A3EDF8DC7}.Release|Any CPU.Build.0 = Release|Any CPU
		{65C5D14B-58FF-40E5-8983-611CDAB9D91F}.Debug|Any CPU.ActiveCfg = Debug|Any CPU
		{65C5D14B-58FF-40E5-8983-611CDAB9D91F}.Debug|Any CPU.Build.0 = Debug|Any CPU
		{65C5D14B-58FF-40E5-8983-611CDAB9D91F}.Production|Any CPU.ActiveCfg = Release|Any CPU
		{65C5D14B-58FF-40E5-8983-611CDAB9D91F}.Release|Any CPU.ActiveCfg = Release|Any CPU
		{65C5D14B-58FF-40E5-8983-611CDAB9D91F}.Release|Any CPU.Build.0 = Release|Any CPU
		{E4649623-7B08-49E8-A25E-775443FF3FB9}.Debug|Any CPU.ActiveCfg = Debug|Any CPU
		{E4649623-7B08-49E8-A25E-775443FF3FB9}.Debug|Any CPU.Build.0 = Debug|Any CPU
		{E4649623-7B08-49E8-A25E-775443FF3FB9}.Production|Any CPU.ActiveCfg = Production|Any CPU
		{E4649623-7B08-49E8-A25E-775443FF3FB9}.Production|Any CPU.Build.0 = Production|Any CPU
		{E4649623-7B08-49E8-A25E-775443FF3FB9}.Release|Any CPU.ActiveCfg = Release|Any CPU
		{E4649623-7B08-49E8-A25E-775443FF3FB9}.Release|Any CPU.Build.0 = Release|Any CPU
		{8B339130-D2F4-4051-91FA-B4C7B7F28808}.Debug|Any CPU.ActiveCfg = Debug|Any CPU
		{8B339130-D2F4-4051-91FA-B4C7B7F28808}.Debug|Any CPU.Build.0 = Debug|Any CPU
		{8B339130-D2F4-4051-91FA-B4C7B7F28808}.Production|Any CPU.ActiveCfg = Production|Any CPU
		{8B339130-D2F4-4051-91FA-B4C7B7F28808}.Production|Any CPU.Build.0 = Production|Any CPU
		{8B339130-D2F4-4051-91FA-B4C7B7F28808}.Release|Any CPU.ActiveCfg = Release|Any CPU
		{8B339130-D2F4-4051-91FA-B4C7B7F28808}.Release|Any CPU.Build.0 = Release|Any CPU
		{6906ED50-0B55-4214-A3E1-445F973AD108}.Debug|Any CPU.ActiveCfg = Debug|Any CPU
		{6906ED50-0B55-4214-A3E1-445F973AD108}.Debug|Any CPU.Build.0 = Debug|Any CPU
		{6906ED50-0B55-4214-A3E1-445F973AD108}.Production|Any CPU.ActiveCfg = Production|Any CPU
		{6906ED50-0B55-4214-A3E1-445F973AD108}.Production|Any CPU.Build.0 = Production|Any CPU
		{6906ED50-0B55-4214-A3E1-445F973AD108}.Release|Any CPU.ActiveCfg = Release|Any CPU
		{6906ED50-0B55-4214-A3E1-445F973AD108}.Release|Any CPU.Build.0 = Release|Any CPU
		{EF3E9D24-A255-49FB-A9CE-BB23F54446E6}.Debug|Any CPU.ActiveCfg = Debug|Any CPU
		{EF3E9D24-A255-49FB-A9CE-BB23F54446E6}.Debug|Any CPU.Build.0 = Debug|Any CPU
		{EF3E9D24-A255-49FB-A9CE-BB23F54446E6}.Production|Any CPU.ActiveCfg = Release|Any CPU
		{EF3E9D24-A255-49FB-A9CE-BB23F54446E6}.Release|Any CPU.ActiveCfg = Release|Any CPU
		{EF3E9D24-A255-49FB-A9CE-BB23F54446E6}.Release|Any CPU.Build.0 = Release|Any CPU
	EndGlobalSection
	GlobalSection(SolutionProperties) = preSolution
		HideSolutionNode = FALSE
	EndGlobalSection
	GlobalSection(NestedProjects) = preSolution
		{CD6A2B75-B68A-4995-BD2B-458DAE359E58} = {02EA681E-C7D8-13C7-8484-4AC65E1B71E8}
		{7A4E6BBA-A2E9-427D-8D18-813E6BCC585A} = {D2258699-5C61-4EA6-93D5-2384ADF65982}
		{6A22C5C6-BC4D-4E45-AC06-977A3EDF8DC7} = {D2258699-5C61-4EA6-93D5-2384ADF65982}
		{65C5D14B-58FF-40E5-8983-611CDAB9D91F} = {D2258699-5C61-4EA6-93D5-2384ADF65982}
		{E4649623-7B08-49E8-A25E-775443FF3FB9} = {02EA681E-C7D8-13C7-8484-4AC65E1B71E8}
		{8B339130-D2F4-4051-91FA-B4C7B7F28808} = {02EA681E-C7D8-13C7-8484-4AC65E1B71E8}
		{6906ED50-0B55-4214-A3E1-445F973AD108} = {02EA681E-C7D8-13C7-8484-4AC65E1B71E8}
		{EF3E9D24-A255-49FB-A9CE-BB23F54446E6} = {D2258699-5C61-4EA6-93D5-2384ADF65982}
	EndGlobalSection
	GlobalSection(ExtensibilityGlobals) = postSolution
		SolutionGuid = {FCCAE4BB-56C3-46AF-B93D-1187E1A2E2BA}
	EndGlobalSection
EndGlobal
